// !$*UTF8*$!
{
	archiveVersion = 1;
	classes = {
	};
	objectVersion = 77;
	objects = {

/* Begin PBXBuildFile section */
		1E9E177F99134C94D77D2D71 /* QuestionDecodingTests.swift in Sources */ = {isa = PBXBuildFile; fileRef = BFE99E185D4A2B63BBCF06FE /* QuestionDecodingTests.swift */; };
		228E46D59DD0BED88F13D42A /* Assets.xcassets in Resources */ = {isa = PBXBuildFile; fileRef = AE24CD1980385139D123CB67 /* Assets.xcassets */; };
		3AA985A69A7B8521657EE2A2 /* Question.swift in Sources */ = {isa = PBXBuildFile; fileRef = D9075C87150DDE17209A9291 /* Question.swift */; };
		3F5268E746637803F741F43E /* QuestionsApp.swift in Sources */ = {isa = PBXBuildFile; fileRef = B36E3C278B50EA0E2FDBA03C /* QuestionsApp.swift */; };
		6C4871ADCF1002106AB439A1 /* RootView.swift in Sources */ = {isa = PBXBuildFile; fileRef = 066FDEA3BC6504E6885A8EDB /* RootView.swift */; };
		A17E46E6068AC4039F1B5D49 /* ConnectionProbeTests.swift in Sources */ = {isa = PBXBuildFile; fileRef = 3E55477751F3AA4CC8FA7960 /* ConnectionProbeTests.swift */; };
		A292FBBDE10C61A06916A4EA /* ConnectionProbe.swift in Sources */ = {isa = PBXBuildFile; fileRef = C6E219330D59CDFF299DFE64 /* ConnectionProbe.swift */; };
		A30688EAE922649DE3C6D57B /* SettingsView.swift in Sources */ = {isa = PBXBuildFile; fileRef = FFC0719A4087B77850EAF743 /* SettingsView.swift */; };
		AA7C1BFD190D326AF188FBE8 /* Theme.swift in Sources */ = {isa = PBXBuildFile; fileRef = A80FA20CBBF3AE8ECB023294 /* Theme.swift */; };
		BB5692A62396EDB430F6D483 /* ServerConfig.swift in Sources */ = {isa = PBXBuildFile; fileRef = 9DD1243F54BC5D125E13C4D6 /* ServerConfig.swift */; };
		C2AA2FF2E777E1A2ECD1FA00 /* QuestionsClient.swift in Sources */ = {isa = PBXBuildFile; fileRef = C959A7990E2E1EB314A9E472 /* QuestionsClient.swift */; };
		D00037C90D5319BC5C41DD5C /* LiveQuestionsAPITests.swift in Sources */ = {isa = PBXBuildFile; fileRef = 84DAD0E42C5E073CC41EA760 /* LiveQuestionsAPITests.swift */; };
		D5C7AD61F299E499DF8EAFA9 /* AppStore.swift in Sources */ = {isa = PBXBuildFile; fileRef = 01BFC2F577D5568C2556A56F /* AppStore.swift */; };
		F1213664ED42C3114F29322D /* QuestionListView.swift in Sources */ = {isa = PBXBuildFile; fileRef = 6EB7D91EB44A87F4C420A50B /* QuestionListView.swift */; };
		FB5034879626523E10D8A691 /* AnswerDraftTests.swift in Sources */ = {isa = PBXBuildFile; fileRef = 4F18292A6F1CC2DF515B0EDE /* AnswerDraftTests.swift */; };
/* End PBXBuildFile section */

/* Begin PBXContainerItemProxy section */
		75600E58D3C156DDCE945AA8 /* PBXContainerItemProxy */ = {
			isa = PBXContainerItemProxy;
			containerPortal = D5F92C079DA8A54AD6534F61 /* Project object */;
			proxyType = 1;
			remoteGlobalIDString = 8E51FE81EE13C2A462F7B30C;
			remoteInfo = Questions;
		};
/* End PBXContainerItemProxy section */

/* Begin PBXFileReference section */
		01BFC2F577D5568C2556A56F /* AppStore.swift */ = {isa = PBXFileReference; lastKnownFileType = sourcecode.swift; path = AppStore.swift; sourceTree = "<group>"; };
		066FDEA3BC6504E6885A8EDB /* RootView.swift */ = {isa = PBXFileReference; lastKnownFileType = sourcecode.swift; path = RootView.swift; sourceTree = "<group>"; };
		3E55477751F3AA4CC8FA7960 /* ConnectionProbeTests.swift */ = {isa = PBXFileReference; lastKnownFileType = sourcecode.swift; path = ConnectionProbeTests.swift; sourceTree = "<group>"; };
		4F18292A6F1CC2DF515B0EDE /* AnswerDraftTests.swift */ = {isa = PBXFileReference; lastKnownFileType = sourcecode.swift; path = AnswerDraftTests.swift; sourceTree = "<group>"; };
		6EB7D91EB44A87F4C420A50B /* QuestionListView.swift */ = {isa = PBXFileReference; lastKnownFileType = sourcecode.swift; path = QuestionListView.swift; sourceTree = "<group>"; };
		84DAD0E42C5E073CC41EA760 /* LiveQuestionsAPITests.swift */ = {isa = PBXFileReference; lastKnownFileType = sourcecode.swift; path = LiveQuestionsAPITests.swift; sourceTree = "<group>"; };
		9DD1243F54BC5D125E13C4D6 /* ServerConfig.swift */ = {isa = PBXFileReference; lastKnownFileType = sourcecode.swift; path = ServerConfig.swift; sourceTree = "<group>"; };
		A39B6ECD7C6C92497F30B35D /* QuestionsTests.xctest */ = {isa = PBXFileReference; includeInIndex = 0; lastKnownFileType = wrapper.cfbundle; path = QuestionsTests.xctest; sourceTree = BUILT_PRODUCTS_DIR; };
		A80FA20CBBF3AE8ECB023294 /* Theme.swift */ = {isa = PBXFileReference; lastKnownFileType = sourcecode.swift; path = Theme.swift; sourceTree = "<group>"; };
		AE24CD1980385139D123CB67 /* Assets.xcassets */ = {isa = PBXFileReference; lastKnownFileType = folder.assetcatalog; path = Assets.xcassets; sourceTree = "<group>"; };
		B36E3C278B50EA0E2FDBA03C /* QuestionsApp.swift */ = {isa = PBXFileReference; lastKnownFileType = sourcecode.swift; path = QuestionsApp.swift; sourceTree = "<group>"; };
		BFE99E185D4A2B63BBCF06FE /* QuestionDecodingTests.swift */ = {isa = PBXFileReference; lastKnownFileType = sourcecode.swift; path = QuestionDecodingTests.swift; sourceTree = "<group>"; };
		C4140982232FC8FE8E796FCF /* Info.plist */ = {isa = PBXFileReference; lastKnownFileType = text.plist; path = Info.plist; sourceTree = "<group>"; };
		C6E219330D59CDFF299DFE64 /* ConnectionProbe.swift */ = {isa = PBXFileReference; lastKnownFileType = sourcecode.swift; path = ConnectionProbe.swift; sourceTree = "<group>"; };
		C959A7990E2E1EB314A9E472 /* QuestionsClient.swift */ = {isa = PBXFileReference; lastKnownFileType = sourcecode.swift; path = QuestionsClient.swift; sourceTree = "<group>"; };
		D9075C87150DDE17209A9291 /* Question.swift */ = {isa = PBXFileReference; lastKnownFileType = sourcecode.swift; path = Question.swift; sourceTree = "<group>"; };
		EA18E02E5BFB9B70ABF80908 /* Questions.app */ = {isa = PBXFileReference; includeInIndex = 0; lastKnownFileType = wrapper.application; path = Questions.app; sourceTree = BUILT_PRODUCTS_DIR; };
		FFC0719A4087B77850EAF743 /* SettingsView.swift */ = {isa = PBXFileReference; lastKnownFileType = sourcecode.swift; path = SettingsView.swift; sourceTree = "<group>"; };
/* End PBXFileReference section */

/* Begin PBXGroup section */
		2B345594BEBE4F1DC494BBAF /* App */ = {
			isa = PBXGroup;
			children = (
				01BFC2F577D5568C2556A56F /* AppStore.swift */,
				AE24CD1980385139D123CB67 /* Assets.xcassets */,
				C6E219330D59CDFF299DFE64 /* ConnectionProbe.swift */,
				C4140982232FC8FE8E796FCF /* Info.plist */,
				D9075C87150DDE17209A9291 /* Question.swift */,
				B36E3C278B50EA0E2FDBA03C /* QuestionsApp.swift */,
				C959A7990E2E1EB314A9E472 /* QuestionsClient.swift */,
				9DD1243F54BC5D125E13C4D6 /* ServerConfig.swift */,
				A80FA20CBBF3AE8ECB023294 /* Theme.swift */,
				58EC2AD62AAD1385180265A2 /* Views */,
			);
			path = App;
			sourceTree = "<group>";
		};
		58EC2AD62AAD1385180265A2 /* Views */ = {
			isa = PBXGroup;
			children = (
				6EB7D91EB44A87F4C420A50B /* QuestionListView.swift */,
				066FDEA3BC6504E6885A8EDB /* RootView.swift */,
				FFC0719A4087B77850EAF743 /* SettingsView.swift */,
			);
			path = Views;
			sourceTree = "<group>";
		};
		9AE0D166E9047547027FB74C /* Tests */ = {
			isa = PBXGroup;
			children = (
				4F18292A6F1CC2DF515B0EDE /* AnswerDraftTests.swift */,
				3E55477751F3AA4CC8FA7960 /* ConnectionProbeTests.swift */,
				84DAD0E42C5E073CC41EA760 /* LiveQuestionsAPITests.swift */,
				BFE99E185D4A2B63BBCF06FE /* QuestionDecodingTests.swift */,
			);
			path = Tests;
			sourceTree = "<group>";
		};
		9E5D6C93292214B21365CD88 /* Products */ = {
			isa = PBXGroup;
			children = (
				EA18E02E5BFB9B70ABF80908 /* Questions.app */,
				A39B6ECD7C6C92497F30B35D /* QuestionsTests.xctest */,
			);
			name = Products;
			sourceTree = "<group>";
		};
		C7D73D000F61B4E77C91DEA5 = {
			isa = PBXGroup;
			children = (
				2B345594BEBE4F1DC494BBAF /* App */,
				9AE0D166E9047547027FB74C /* Tests */,
				9E5D6C93292214B21365CD88 /* Products */,
			);
			sourceTree = "<group>";
		};
/* End PBXGroup section */

/* Begin PBXNativeTarget section */
		8E51FE81EE13C2A462F7B30C /* Questions */ = {
			isa = PBXNativeTarget;
			buildConfigurationList = 2B9E70C4604906C7246CEE59 /* Build configuration list for PBXNativeTarget "Questions" */;
			buildPhases = (
				7AD591A576C54CC62F62BA37 /* Sources */,
				4D1E7C8C9A3B133464616970 /* Resources */,
			);
			buildRules = (
			);
			dependencies = (
			);
			name = Questions;
			packageProductDependencies = (
			);
			productName = Questions;
			productReference = EA18E02E5BFB9B70ABF80908 /* Questions.app */;
			productType = "com.apple.product-type.application";
		};
		E0C25068BDCCE9CE1C6FF105 /* QuestionsTests */ = {
			isa = PBXNativeTarget;
			buildConfigurationList = 89C2D47A8053E6B48946D16C /* Build configuration list for PBXNativeTarget "QuestionsTests" */;
			buildPhases = (
				9B789D821ADD9757198329B5 /* Sources */,
			);
			buildRules = (
			);
			dependencies = (
				336238852B0E9BF5FCBAB6BA /* PBXTargetDependency */,
			);
			name = QuestionsTests;
			packageProductDependencies = (
			);
			productName = QuestionsTests;
			productReference = A39B6ECD7C6C92497F30B35D /* QuestionsTests.xctest */;
			productType = "com.apple.product-type.bundle.unit-test";
		};
/* End PBXNativeTarget section */

/* Begin PBXProject section */
		D5F92C079DA8A54AD6534F61 /* Project object */ = {
			isa = PBXProject;
			attributes = {
				BuildIndependentTargetsInParallel = YES;
				LastUpgradeCheck = 1430;
				TargetAttributes = {
				};
			};
			buildConfigurationList = E97E393DD2621DEE5A6E94C1 /* Build configuration list for PBXProject "Questions" */;
			developmentRegion = en;
			hasScannedForEncodings = 0;
			knownRegions = (
				Base,
				en,
			);
			mainGroup = C7D73D000F61B4E77C91DEA5;
			minimizedProjectReferenceProxies = 1;
			preferredProjectObjectVersion = 77;
			productRefGroup = 9E5D6C93292214B21365CD88 /* Products */;
			projectDirPath = "";
			projectRoot = "";
			targets = (
				8E51FE81EE13C2A462F7B30C /* Questions */,
				E0C25068BDCCE9CE1C6FF105 /* QuestionsTests */,
			);
		};
/* End PBXProject section */

/* Begin PBXResourcesBuildPhase section */
		4D1E7C8C9A3B133464616970 /* Resources */ = {
			isa = PBXResourcesBuildPhase;
			buildActionMask = 2147483647;
			files = (
				228E46D59DD0BED88F13D42A /* Assets.xcassets in Resources */,
			);
			runOnlyForDeploymentPostprocessing = 0;
		};
/* End PBXResourcesBuildPhase section */

/* Begin PBXSourcesBuildPhase section */
		7AD591A576C54CC62F62BA37 /* Sources */ = {
			isa = PBXSourcesBuildPhase;
			buildActionMask = 2147483647;
			files = (
				D5C7AD61F299E499DF8EAFA9 /* AppStore.swift in Sources */,
				A292FBBDE10C61A06916A4EA /* ConnectionProbe.swift in Sources */,
				3AA985A69A7B8521657EE2A2 /* Question.swift in Sources */,
				F1213664ED42C3114F29322D /* QuestionListView.swift in Sources */,
				3F5268E746637803F741F43E /* QuestionsApp.swift in Sources */,
				C2AA2FF2E777E1A2ECD1FA00 /* QuestionsClient.swift in Sources */,
				6C4871ADCF1002106AB439A1 /* RootView.swift in Sources */,
				BB5692A62396EDB430F6D483 /* ServerConfig.swift in Sources */,
				A30688EAE922649DE3C6D57B /* SettingsView.swift in Sources */,
				AA7C1BFD190D326AF188FBE8 /* Theme.swift in Sources */,
			);
			runOnlyForDeploymentPostprocessing = 0;
		};
		9B789D821ADD9757198329B5 /* Sources */ = {
			isa = PBXSourcesBuildPhase;
			buildActionMask = 2147483647;
			files = (
				FB5034879626523E10D8A691 /* AnswerDraftTests.swift in Sources */,
				A17E46E6068AC4039F1B5D49 /* ConnectionProbeTests.swift in Sources */,
				D00037C90D5319BC5C41DD5C /* LiveQuestionsAPITests.swift in Sources */,
				1E9E177F99134C94D77D2D71 /* QuestionDecodingTests.swift in Sources */,
			);
			runOnlyForDeploymentPostprocessing = 0;
		};
/* End PBXSourcesBuildPhase section */

/* Begin PBXTargetDependency section */
		336238852B0E9BF5FCBAB6BA /* PBXTargetDependency */ = {
			isa = PBXTargetDependency;
			target = 8E51FE81EE13C2A462F7B30C /* Questions */;
			targetProxy = 75600E58D3C156DDCE945AA8 /* PBXContainerItemProxy */;
		};
/* End PBXTargetDependency section */

/* Begin XCBuildConfiguration section */
		30D316EC07D1E02B3320E5AE /* Debug */ = {
			isa = XCBuildConfiguration;
			buildSettings = {
				ALWAYS_SEARCH_USER_PATHS = NO;
				CLANG_ANALYZER_NONNULL = YES;
				CLANG_ANALYZER_NUMBER_OBJECT_CONVERSION = YES_AGGRESSIVE;
				CLANG_CXX_LANGUAGE_STANDARD = "gnu++14";
				CLANG_CXX_LIBRARY = "libc++";
				CLANG_ENABLE_MODULES = YES;
				CLANG_ENABLE_OBJC_ARC = YES;
				CLANG_ENABLE_OBJC_WEAK = YES;
				CLANG_WARN_BLOCK_CAPTURE_AUTORELEASING = YES;
				CLANG_WARN_BOOL_CONVERSION = YES;
				CLANG_WARN_COMMA = YES;
				CLANG_WARN_CONSTANT_CONVERSION = YES;
				CLANG_WARN_DEPRECATED_OBJC_IMPLEMENTATIONS = YES;
				CLANG_WARN_DIRECT_OBJC_ISA_USAGE = YES_ERROR;
				CLANG_WARN_DOCUMENTATION_COMMENTS = YES;
				CLANG_WARN_EMPTY_BODY = YES;
				CLANG_WARN_ENUM_CONVERSION = YES;
				CLANG_WARN_INFINITE_RECURSION = YES;
				CLANG_WARN_INT_CONVERSION = YES;
				CLANG_WARN_NON_LITERAL_NULL_CONVERSION = YES;
				CLANG_WARN_OBJC_IMPLICIT_RETAIN_SELF = YES;
				CLANG_WARN_OBJC_LITERAL_CONVERSION = YES;
				CLANG_WARN_OBJC_ROOT_CLASS = YES_ERROR;
				CLANG_WARN_QUOTED_INCLUDE_IN_FRAMEWORK_HEADER = YES;
				CLANG_WARN_RANGE_LOOP_ANALYSIS = YES;
				CLANG_WARN_STRICT_PROTOTYPES = YES;
				CLANG_WARN_SUSPICIOUS_MOVE = YES;
				CLANG_WARN_UNGUARDED_AVAILABILITY = YES_AGGRESSIVE;
				CLANG_WARN_UNREACHABLE_CODE = YES;
				CLANG_WARN__DUPLICATE_METHOD_MATCH = YES;
				CODE_SIGNING_ALLOWED = NO;
				CODE_SIGN_IDENTITY = "";
				COPY_PHASE_STRIP = NO;
				DEBUG_INFORMATION_FORMAT = dwarf;
				ENABLE_STRICT_OBJC_MSGSEND = YES;
				ENABLE_TESTABILITY = YES;
				GCC_C_LANGUAGE_STANDARD = gnu11;
				GCC_DYNAMIC_NO_PIC = NO;
				GCC_NO_COMMON_BLOCKS = YES;
				GCC_OPTIMIZATION_LEVEL = 0;
				GCC_PREPROCESSOR_DEFINITIONS = (
					"$(inherited)",
					"DEBUG=1",
				);
				GCC_WARN_64_TO_32_BIT_CONVERSION = YES;
				GCC_WARN_ABOUT_RETURN_TYPE = YES_ERROR;
				GCC_WARN_UNDECLARED_SELECTOR = YES;
				GCC_WARN_UNINITIALIZED_AUTOS = YES_AGGRESSIVE;
				GCC_WARN_UNUSED_FUNCTION = YES;
				GCC_WARN_UNUSED_VARIABLE = YES;
				IPHONEOS_DEPLOYMENT_TARGET = 17.0;
				MTL_ENABLE_DEBUG_INFO = INCLUDE_SOURCE;
				MTL_FAST_MATH = YES;
				ONLY_ACTIVE_ARCH = YES;
				PRODUCT_NAME = "$(TARGET_NAME)";
				SDKROOT = iphoneos;
				SWIFT_ACTIVE_COMPILATION_CONDITIONS = DEBUG;
				SWIFT_OPTIMIZATION_LEVEL = "-Onone";
				SWIFT_VERSION = 5.10;
			};
			name = Debug;
		};
		3ED42780EB0C431078849549 /* Debug */ = {
			isa = XCBuildConfiguration;
			buildSettings = {
				ASSETCATALOG_COMPILER_APPICON_NAME = AppIcon;
				ASSETCATALOG_COMPILER_GLOBAL_ACCENT_COLOR_NAME = AccentColor;
				CODE_SIGN_IDENTITY = "iPhone Developer";
				INFOPLIST_FILE = App/Info.plist;
				LD_RUNPATH_SEARCH_PATHS = (
					"$(inherited)",
					"@executable_path/Frameworks",
				);
				PRODUCT_BUNDLE_IDENTIFIER = rocks.barry.questions.app;
				SDKROOT = iphoneos;
				TARGETED_DEVICE_FAMILY = 1;
			};
			name = Debug;
		};
		BB0E7626FCC69D8ECADC86DC /* Release */ = {
			isa = XCBuildConfiguration;
			buildSettings = {
				BUNDLE_LOADER = "$(TEST_HOST)";
				LD_RUNPATH_SEARCH_PATHS = (
					"$(inherited)",
					"@executable_path/Frameworks",
					"@loader_path/Frameworks",
				);
				PRODUCT_BUNDLE_IDENTIFIER = rocks.barry.questions.QuestionsTests;
				SDKROOT = iphoneos;
				TARGETED_DEVICE_FAMILY = "1,2";
				TEST_HOST = "$(BUILT_PRODUCTS_DIR)/Questions.app/Questions";
			};
			name = Release;
		};
		C805E0EA5DE47AAB0504CAC5 /* Debug */ = {
			isa = XCBuildConfiguration;
			buildSettings = {
				BUNDLE_LOADER = "$(TEST_HOST)";
				LD_RUNPATH_SEARCH_PATHS = (
					"$(inherited)",
					"@executable_path/Frameworks",
					"@loader_path/Frameworks",
				);
				PRODUCT_BUNDLE_IDENTIFIER = rocks.barry.questions.QuestionsTests;
				SDKROOT = iphoneos;
				TARGETED_DEVICE_FAMILY = "1,2";
				TEST_HOST = "$(BUILT_PRODUCTS_DIR)/Questions.app/Questions";
			};
			name = Debug;
		};
		EC360CB727BF33715FF80723 /* Release */ = {
			isa = XCBuildConfiguration;
			buildSettings = {
				ASSETCATALOG_COMPILER_APPICON_NAME = AppIcon;
				ASSETCATALOG_COMPILER_GLOBAL_ACCENT_COLOR_NAME = AccentColor;
				CODE_SIGN_IDENTITY = "iPhone Developer";
				INFOPLIST_FILE = App/Info.plist;
				LD_RUNPATH_SEARCH_PATHS = (
					"$(inherited)",
					"@executable_path/Frameworks",
				);
				PRODUCT_BUNDLE_IDENTIFIER = rocks.barry.questions.app;
				SDKROOT = iphoneos;
				TARGETED_DEVICE_FAMILY = 1;
			};
			name = Release;
		};
		F9064C3F719777AF16084B30 /* Release */ = {
			isa = XCBuildConfiguration;
			buildSettings = {
				ALWAYS_SEARCH_USER_PATHS = NO;
				CLANG_ANALYZER_NONNULL = YES;
				CLANG_ANALYZER_NUMBER_OBJECT_CONVERSION = YES_AGGRESSIVE;
				CLANG_CXX_LANGUAGE_STANDARD = "gnu++14";
				CLANG_CXX_LIBRARY = "libc++";
				CLANG_ENABLE_MODULES = YES;
				CLANG_ENABLE_OBJC_ARC = YES;
				CLANG_ENABLE_OBJC_WEAK = YES;
				CLANG_WARN_BLOCK_CAPTURE_AUTORELEASING = YES;
				CLANG_WARN_BOOL_CONVERSION = YES;
				CLANG_WARN_COMMA = YES;
				CLANG_WARN_CONSTANT_CONVERSION = YES;
				CLANG_WARN_DEPRECATED_OBJC_IMPLEMENTATIONS = YES;
				CLANG_WARN_DIRECT_OBJC_ISA_USAGE = YES_ERROR;
				CLANG_WARN_DOCUMENTATION_COMMENTS = YES;
				CLANG_WARN_EMPTY_BODY = YES;
				CLANG_WARN_ENUM_CONVERSION = YES;
				CLANG_WARN_INFINITE_RECURSION = YES;
				CLANG_WARN_INT_CONVERSION = YES;
				CLANG_WARN_NON_LITERAL_NULL_CONVERSION = YES;
				CLANG_WARN_OBJC_IMPLICIT_RETAIN_SELF = YES;
				CLANG_WARN_OBJC_LITERAL_CONVERSION = YES;
				CLANG_WARN_OBJC_ROOT_CLASS = YES_ERROR;
				CLANG_WARN_QUOTED_INCLUDE_IN_FRAMEWORK_HEADER = YES;
				CLANG_WARN_RANGE_LOOP_ANALYSIS = YES;
				CLANG_WARN_STRICT_PROTOTYPES = YES;
				CLANG_WARN_SUSPICIOUS_MOVE = YES;
				CLANG_WARN_UNGUARDED_AVAILABILITY = YES_AGGRESSIVE;
				CLANG_WARN_UNREACHABLE_CODE = YES;
				CLANG_WARN__DUPLICATE_METHOD_MATCH = YES;
				CODE_SIGNING_ALLOWED = NO;
				CODE_SIGN_IDENTITY = "";
				COPY_PHASE_STRIP = NO;
				DEBUG_INFORMATION_FORMAT = "dwarf-with-dsym";
				ENABLE_NS_ASSERTIONS = NO;
				ENABLE_STRICT_OBJC_MSGSEND = YES;
				GCC_C_LANGUAGE_STANDARD = gnu11;
				GCC_NO_COMMON_BLOCKS = YES;
				GCC_WARN_64_TO_32_BIT_CONVERSION = YES;
				GCC_WARN_ABOUT_RETURN_TYPE = YES_ERROR;
				GCC_WARN_UNDECLARED_SELECTOR = YES;
				GCC_WARN_UNINITIALIZED_AUTOS = YES_AGGRESSIVE;
				GCC_WARN_UNUSED_FUNCTION = YES;
				GCC_WARN_UNUSED_VARIABLE = YES;
				IPHONEOS_DEPLOYMENT_TARGET = 17.0;
				MTL_ENABLE_DEBUG_INFO = NO;
				MTL_FAST_MATH = YES;
				PRODUCT_NAME = "$(TARGET_NAME)";
				SDKROOT = iphoneos;
				SWIFT_COMPILATION_MODE = wholemodule;
				SWIFT_OPTIMIZATION_LEVEL = "-O";
				SWIFT_VERSION = 5.10;
			};
			name = Release;
		};
/* End XCBuildConfiguration section */

/* Begin XCConfigurationList section */
		2B9E70C4604906C7246CEE59 /* Build configuration list for PBXNativeTarget "Questions" */ = {
			isa = XCConfigurationList;
			buildConfigurations = (
				3ED42780EB0C431078849549 /* Debug */,
				EC360CB727BF33715FF80723 /* Release */,
			);
			defaultConfigurationIsVisible = 0;
			defaultConfigurationName = Debug;
		};
		89C2D47A8053E6B48946D16C /* Build configuration list for PBXNativeTarget "QuestionsTests" */ = {
			isa = XCConfigurationList;
			buildConfigurations = (
				C805E0EA5DE47AAB0504CAC5 /* Debug */,
				BB0E7626FCC69D8ECADC86DC /* Release */,
			);
			defaultConfigurationIsVisible = 0;
			defaultConfigurationName = Debug;
		};
		E97E393DD2621DEE5A6E94C1 /* Build configuration list for PBXProject "Questions" */ = {
			isa = XCConfigurationList;
			buildConfigurations = (
				30D316EC07D1E02B3320E5AE /* Debug */,
				F9064C3F719777AF16084B30 /* Release */,
			);
			defaultConfigurationIsVisible = 0;
			defaultConfigurationName = Debug;
		};
/* End XCConfigurationList section */
	};
	rootObject = D5F92C079DA8A54AD6534F61 /* Project object */;
}
